
Microsoft Visual Studio Solution File, Format Version 12.00
# Visual Studio Version 17
VisualStudioVersion = 17.9.34701.34
MinimumVisualStudioVersion = 10.0.40219.1
Project("{FAE04EC0-301F-11D3-BF4B-00C04F79EFBC}") = "Task_Analyzer", "Task_Analyzer.csproj", "{347469E4-0E42-416F-8F52-C151765D6F00}"
EndProject
Global
	GlobalSection(SolutionConfigurationPlatforms) = preSolution
		Debug|Any CPU = Debug|Any CPU
		Release|Any CPU = Release|Any CPU
	EndGlobalSection
	GlobalSection(ProjectConfigurationPlatforms) = postSolution
		{347469E4-0E42-416F-8F52-C151765D6F00}.Debug|Any CPU.ActiveCfg = Debug|Any CPU
		{347469E4-0E42-416F-8F52-C151765D6F00}.Debug|Any CPU.Build.0 = Debug|Any CPU
		{347469E4-0E42-416F-8F52-C151765D6F00}.Release|Any CPU.ActiveCfg = Release|Any CPU
		{347469E4-0E42-416F-8F52-C151765D6F00}.Release|Any CPU.Build.0 = Release|Any CPU
	EndGlobalSection
	GlobalSection(SolutionProperties) = preSolution
		HideSolutionNode = FALSE
	EndGlobalSection
	GlobalSection(ExtensibilityGlobals) = postSolution
		SolutionGuid = {676C9E91-D448-4C75-938B-20E40FBA77B1}
	EndGlobalSection
EndGlobal
